
Microsoft Visual Studio Solution File, Format Version 12.00
# Visual Studio 15
VisualStudioVersion = 15.0.28010.2048
MinimumVisualStudioVersion = 10.0.40219.1
Project("{FAE04EC0-301F-11D3-BF4B-00C04F79EFBC}") = "Filling-Polygons", "Filling-Polygons\Filling-Polygons.csproj", "{054F6D31-4A39-4AF8-9B7D-D23C36E84F1A}"
EndProject
Global
	GlobalSection(SolutionConfigurationPlatforms) = preSolution
		Debug|Any CPU = Debug|Any CPU
		Release|Any CPU = Release|Any CPU
	EndGlobalSection
	GlobalSection(ProjectConfigurationPlatforms) = postSolution
		{054F6D31-4A39-4AF8-9B7D-D23C36E84F1A}.Debug|Any CPU.ActiveCfg = Debug|Any CPU
		{054F6D31-4A39-4AF8-9B7D-D23C36E84F1A}.Debug|Any CPU.Build.0 = Debug|Any CPU
		{054F6D31-4A39-4AF8-9B7D-D23C36E84F1A}.Release|Any CPU.ActiveCfg = Release|Any CPU
		{054F6D31-4A39-4AF8-9B7D-D23C36E84F1A}.Release|Any CPU.Build.0 = Release|Any CPU
	EndGlobalSection
	GlobalSection(SolutionProperties) = preSolution
		HideSolutionNode = FALSE
	EndGlobalSection
	GlobalSection(ExtensibilityGlobals) = postSolution
		SolutionGuid = {BFBB54D9-0F57-4F2B-A9A7-1612D7765F78}
	EndGlobalSection
EndGlobal
